// !$*UTF8*$!
{
	archiveVersion = 1;
	classes = {
	};
	objectVersion = 56;
	objects = {

/* Begin PBXBuildFile section */
		B89A8AD92C0D8BAC00ED9BAE /* TestTinderLikeViewApp.swift in Sources */ = {isa = PBXBuildFile; fileRef = B89A8AD82C0D8BAC00ED9BAE /* TestTinderLikeViewApp.swift */; };
		B89A8ADB2C0D8BAD00ED9BAE /* ContentView.swift in Sources */ = {isa = PBXBuildFile; fileRef = B89A8ADA2C0D8BAD00ED9BAE /* ContentView.swift */; };
		B89A8ADD2C0D8BAF00ED9BAE /* Assets.xcassets in Resources */ = {isa = PBXBuildFile; fileRef = B89A8ADC2C0D8BAF00ED9BAE /* Assets.xcassets */; };
		B89A8AE02C0D8BAF00ED9BAE /* Preview Assets.xcassets in Resources */ = {isa = PBXBuildFile; fileRef = B89A8ADF2C0D8BAF00ED9BAE /* Preview Assets.xcassets */; };
		B89A8AE72C0D8BE700ED9BAE /* Trip.swift in Sources */ = {isa = PBXBuildFile; fileRef = B89A8AE62C0D8BE700ED9BAE /* Trip.swift */; };
		B89A8AE92C0D8BFC00ED9BAE /* CardView.swift in Sources */ = {isa = PBXBuildFile; fileRef = B89A8AE82C0D8BFC00ED9BAE /* CardView.swift */; };
/* End PBXBuildFile section */

/* Begin PBXFileReference section */
		B89A8AD52C0D8BAC00ED9BAE /* TestTinderLikeView.app */ = {isa = PBXFileReference; explicitFileType = wrapper.application; includeInIndex = 0; path = TestTinderLikeView.app; sourceTree = BUILT_PRODUCTS_DIR; };
		B89A8AD82C0D8BAC00ED9BAE /* TestTinderLikeViewApp.swift */ = {isa = PBXFileReference; lastKnownFileType = sourcecode.swift; path = TestTinderLikeViewApp.swift; sourceTree = "<group>"; };
		B89A8ADA2C0D8BAD00ED9BAE /* ContentView.swift */ = {isa = PBXFileReference; lastKnownFileType = sourcecode.swift; path = ContentView.swift; sourceTree = "<group>"; };
		B89A8ADC2C0D8BAF00ED9BAE /* Assets.xcassets */ = {isa = PBXFileReference; lastKnownFileType = folder.assetcatalog; path = Assets.xcassets; sourceTree = "<group>"; };
		B89A8ADF2C0D8BAF00ED9BAE /* Preview Assets.xcassets */ = {isa = PBXFileReference; lastKnownFileType = folder.assetcatalog; path = "Preview Assets.xcassets"; sourceTree = "<group>"; };
		B89A8AE62C0D8BE700ED9BAE /* Trip.swift */ = {isa = PBXFileReference; lastKnownFileType = sourcecode.swift; path = Trip.swift; sourceTree = "<group>"; };
		B89A8AE82C0D8BFC00ED9BAE /* CardView.swift */ = {isa = PBXFileReference; lastKnownFileType = sourcecode.swift; path = CardView.swift; sourceTree = "<group>"; };
/* End PBXFileReference section */

/* Begin PBXFrameworksBuildPhase section */
		B89A8AD22C0D8BAC00ED9BAE /* Frameworks */ = {
			isa = PBXFrameworksBuildPhase;
			buildActionMask = 2147483647;
			files = (
			);
			runOnlyForDeploymentPostprocessing = 0;
		};
/* End PBXFrameworksBuildPhase section */

/* Begin PBXGroup section */
		B89A8ACC2C0D8BAC00ED9BAE = {
			isa = PBXGroup;
			children = (
				B89A8AD72C0D8BAC00ED9BAE /* TestTinderLikeView */,
				B89A8AD62C0D8BAC00ED9BAE /* Products */,
			);
			sourceTree = "<group>";
		};
		B89A8AD62C0D8BAC00ED9BAE /* Products */ = {
			isa = PBXGroup;
			children = (
				B89A8AD52C0D8BAC00ED9BAE /* TestTinderLikeView.app */,
			);
			name = Products;
			sourceTree = "<group>";
		};
		B89A8AD72C0D8BAC00ED9BAE /* TestTinderLikeView */ = {
			isa = PBXGroup;
			children = (
				B89A8AD82C0D8BAC00ED9BAE /* TestTinderLikeViewApp.swift */,
				B89A8ADA2C0D8BAD00ED9BAE /* ContentView.swift */,
				B89A8AE62C0D8BE700ED9BAE /* Trip.swift */,
				B89A8AE82C0D8BFC00ED9BAE /* CardView.swift */,
				B89A8ADC2C0D8BAF00ED9BAE /* Assets.xcassets */,
				B89A8ADE2C0D8BAF00ED9BAE /* Preview Content */,
			);
			path = TestTinderLikeView;
			sourceTree = "<group>";
		};
		B89A8ADE2C0D8BAF00ED9BAE /* Preview Content */ = {
			isa = PBXGroup;
			children = (
				B89A8ADF2C0D8BAF00ED9BAE /* Preview Assets.xcassets */,
			);
			path = "Preview Content";
			sourceTree = "<group>";
		};
/* End PBXGroup section */

/* Begin PBXNativeTarget section */
		B89A8AD42C0D8BAC00ED9BAE /* TestTinderLikeView */ = {
			isa = PBXNativeTarget;
			buildConfigurationList = B89A8AE32C0D8BAF00ED9BAE /* Build configuration list for PBXNativeTarget "TestTinderLikeView" */;
			buildPhases = (
				B89A8AD12C0D8BAC00ED9BAE /* Sources */,
				B89A8AD22C0D8BAC00ED9BAE /* Frameworks */,
				B89A8AD32C0D8BAC00ED9BAE /* Resources */,
			);
			buildRules = (
			);
			dependencies = (
			);
			name = TestTinderLikeView;
			productName = TestTinderLikeView;
			productReference = B89A8AD52C0D8BAC00ED9BAE /* TestTinderLikeView.app */;
			productType = "com.apple.product-type.application";
		};
/* End PBXNativeTarget section */

/* Begin PBXProject section */
		B89A8ACD2C0D8BAC00ED9BAE /* Project object */ = {
			isa = PBXProject;
			attributes = {
				BuildIndependentTargetsInParallel = 1;
				LastSwiftUpdateCheck = 1520;
				LastUpgradeCheck = 1520;
				TargetAttributes = {
					B89A8AD42C0D8BAC00ED9BAE = {
						CreatedOnToolsVersion = 15.2;
					};
				};
			};
			buildConfigurationList = B89A8AD02C0D8BAC00ED9BAE /* Build configuration list for PBXProject "TestTinderLikeView" */;
			compatibilityVersion = "Xcode 14.0";
			developmentRegion = en;
			hasScannedForEncodings = 0;
			knownRegions = (
				en,
				Base,
			);
			mainGroup = B89A8ACC2C0D8BAC00ED9BAE;
			productRefGroup = B89A8AD62C0D8BAC00ED9BAE /* Products */;
			projectDirPath = "";
			projectRoot = "";
			targets = (
				B89A8AD42C0D8BAC00ED9BAE /* TestTinderLikeView */,
			);
		};
/* End PBXProject section */

/* Begin PBXResourcesBuildPhase section */
		B89A8AD32C0D8BAC00ED9BAE /* Resources */ = {
			isa = PBXResourcesBuildPhase;
			buildActionMask = 2147483647;
			files = (
				B89A8AE02C0D8BAF00ED9BAE /* Preview Assets.xcassets in Resources */,
				B89A8ADD2C0D8BAF00ED9BAE /* Assets.xcassets in Resources */,
			);
			runOnlyForDeploymentPostprocessing = 0;
		};
/* End PBXResourcesBuildPhase section */

/* Begin PBXSourcesBuildPhase section */
		B89A8AD12C0D8BAC00ED9BAE /* Sources */ = {
			isa = PBXSourcesBuildPhase;
			buildActionMask = 2147483647;
			files = (
				B89A8AE72C0D8BE700ED9BAE /* Trip.swift in Sources */,
				B89A8ADB2C0D8BAD00ED9BAE /* ContentView.swift in Sources */,
				B89A8AE92C0D8BFC00ED9BAE /* CardView.swift in Sources */,
				B89A8AD92C0D8BAC00ED9BAE /* TestTinderLikeViewApp.swift in Sources */,
			);
			runOnlyForDeploymentPostprocessing = 0;
		};
/* End PBXSourcesBuildPhase section */

/* Begin XCBuildConfiguration section */
		B89A8AE12C0D8BAF00ED9BAE /* Debug */ = {
			isa = XCBuildConfiguration;
			buildSettings = {
				ALWAYS_SEARCH_USER_PATHS = NO;
				ASSETCATALOG_COMPILER_GENERATE_SWIFT_ASSET_SYMBOL_EXTENSIONS = YES;
				CLANG_ANALYZER_NONNULL = YES;
				CLANG_ANALYZER_NUMBER_OBJECT_CONVERSION = YES_AGGRESSIVE;
				CLANG_CXX_LANGUAGE_STANDARD = "gnu++20";
				CLANG_ENABLE_MODULES = YES;
				CLANG_ENABLE_OBJC_ARC = YES;
				CLANG_ENABLE_OBJC_WEAK = YES;
				CLANG_WARN_BLOCK_CAPTURE_AUTORELEASING = YES;
				CLANG_WARN_BOOL_CONVERSION = YES;
				CLANG_WARN_COMMA = YES;
				CLANG_WARN_CONSTANT_CONVERSION = YES;
				CLANG_WARN_DEPRECATED_OBJC_IMPLEMENTATIONS = YES;
				CLANG_WARN_DIRECT_OBJC_ISA_USAGE = YES_ERROR;
				CLANG_WARN_DOCUMENTATION_COMMENTS = YES;
				CLANG_WARN_EMPTY_BODY = YES;
				CLANG_WARN_ENUM_CONVERSION = YES;
				CLANG_WARN_INFINITE_RECURSION = YES;
				CLANG_WARN_INT_CONVERSION = YES;
				CLANG_WARN_NON_LITERAL_NULL_CONVERSION = YES;
				CLANG_WARN_OBJC_IMPLICIT_RETAIN_SELF = YES;
				CLANG_WARN_OBJC_LITERAL_CONVERSION = YES;
				CLANG_WARN_OBJC_ROOT_CLASS = YES_ERROR;
				CLANG_WARN_QUOTED_INCLUDE_IN_FRAMEWORK_HEADER = YES;
				CLANG_WARN_RANGE_LOOP_ANALYSIS = YES;
				CLANG_WARN_STRICT_PROTOTYPES = YES;
				CLANG_WARN_SUSPICIOUS_MOVE = YES;
				CLANG_WARN_UNGUARDED_AVAILABILITY = YES_AGGRESSIVE;
				CLANG_WARN_UNREACHABLE_CODE = YES;
				CLANG_WARN__DUPLICATE_METHOD_MATCH = YES;
				COPY_PHASE_STRIP = NO;
				DEBUG_INFORMATION_FORMAT = dwarf;
				ENABLE_STRICT_OBJC_MSGSEND = YES;
				ENABLE_TESTABILITY = YES;
				ENABLE_USER_SCRIPT_SANDBOXING = YES;
				GCC_C_LANGUAGE_STANDARD = gnu17;
				GCC_DYNAMIC_NO_PIC = NO;
				GCC_NO_COMMON_BLOCKS = YES;
				GCC_OPTIMIZATION_LEVEL = 0;
				GCC_PREPROCESSOR_DEFINITIONS = (
					"DEBUG=1",
					"$(inherited)",
				);
				GCC_WARN_64_TO_32_BIT_CONVERSION = YES;
				GCC_WARN_ABOUT_RETURN_TYPE = YES_ERROR;
				GCC_WARN_UNDECLARED_SELECTOR = YES;
				GCC_WARN_UNINITIALIZED_AUTOS = YES_AGGRESSIVE;
				GCC_WARN_UNUSED_FUNCTION = YES;
				GCC_WARN_UNUSED_VARIABLE = YES;
				IPHONEOS_DEPLOYMENT_TARGET = 17.2;
				LOCALIZATION_PREFERS_STRING_CATALOGS = YES;
				MTL_ENABLE_DEBUG_INFO = INCLUDE_SOURCE;
				MTL_FAST_MATH = YES;
				ONLY_ACTIVE_ARCH = YES;
				SDKROOT = iphoneos;
				SWIFT_ACTIVE_COMPILATION_CONDITIONS = "DEBUG $(inherited)";
				SWIFT_OPTIMIZATION_LEVEL = "-Onone";
			};
			name = Debug;
		};
		B89A8AE22C0D8BAF00ED9BAE /* Release */ = {
			isa = XCBuildConfiguration;
			buildSettings = {
				ALWAYS_SEARCH_USER_PATHS = NO;
				ASSETCATALOG_COMPILER_GENERATE_SWIFT_ASSET_SYMBOL_EXTENSIONS = YES;
				CLANG_ANALYZER_NONNULL = YES;
				CLANG_ANALYZER_NUMBER_OBJECT_CONVERSION = YES_AGGRESSIVE;
				CLANG_CXX_LANGUAGE_STANDARD = "gnu++20";
				CLANG_ENABLE_MODULES = YES;
				CLANG_ENABLE_OBJC_ARC = YES;
				CLANG_ENABLE_OBJC_WEAK = YES;
				CLANG_WARN_BLOCK_CAPTURE_AUTORELEASING = YES;
				CLANG_WARN_BOOL_CONVERSION = YES;
				CLANG_WARN_COMMA = YES;
				CLANG_WARN_CONSTANT_CONVERSION = YES;
				CLANG_WARN_DEPRECATED_OBJC_IMPLEMENTATIONS = YES;
				CLANG_WARN_DIRECT_OBJC_ISA_USAGE = YES_ERROR;
				CLANG_WARN_DOCUMENTATION_COMMENTS = YES;
				CLANG_WARN_EMPTY_BODY = YES;
				CLANG_WARN_ENUM_CONVERSION = YES;
				CLANG_WARN_INFINITE_RECURSION = YES;
				CLANG_WARN_INT_CONVERSION = YES;
				CLANG_WARN_NON_LITERAL_NULL_CONVERSION = YES;
				CLANG_WARN_OBJC_IMPLICIT_RETAIN_SELF = YES;
				CLANG_WARN_OBJC_LITERAL_CONVERSION = YES;
				CLANG_WARN_OBJC_ROOT_CLASS = YES_ERROR;
				CLANG_WARN_QUOTED_INCLUDE_IN_FRAMEWORK_HEADER = YES;
				CLANG_WARN_RANGE_LOOP_ANALYSIS = YES;
				CLANG_WARN_STRICT_PROTOTYPES = YES;
				CLANG_WARN_SUSPICIOUS_MOVE = YES;
				CLANG_WARN_UNGUARDED_AVAILABILITY = YES_AGGRESSIVE;
				CLANG_WARN_UNREACHABLE_CODE = YES;
				CLANG_WARN__DUPLICATE_METHOD_MATCH = YES;
				COPY_PHASE_STRIP = NO;
				DEBUG_INFORMATION_FORMAT = "dwarf-with-dsym";
				ENABLE_NS_ASSERTIONS = NO;
				ENABLE_STRICT_OBJC_MSGSEND = YES;
				ENABLE_USER_SCRIPT_SANDBOXING = YES;
				GCC_C_LANGUAGE_STANDARD = gnu17;
				GCC_NO_COMMON_BLOCKS = YES;
				GCC_WARN_64_TO_32_BIT_CONVERSION = YES;
				GCC_WARN_ABOUT_RETURN_TYPE = YES_ERROR;
				GCC_WARN_UNDECLARED_SELECTOR = YES;
				GCC_WARN_UNINITIALIZED_AUTOS = YES_AGGRESSIVE;
				GCC_WARN_UNUSED_FUNCTION = YES;
				GCC_WARN_UNUSED_VARIABLE = YES;
				IPHONEOS_DEPLOYMENT_TARGET = 17.2;
				LOCALIZATION_PREFERS_STRING_CATALOGS = YES;
				MTL_ENABLE_DEBUG_INFO = NO;
				MTL_FAST_MATH = YES;
				SDKROOT = iphoneos;
				SWIFT_COMPILATION_MODE = wholemodule;
				VALIDATE_PRODUCT = YES;
			};
			name = Release;
		};
		B89A8AE42C0D8BAF00ED9BAE /* Debug */ = {
			isa = XCBuildConfiguration;
			buildSettings = {
				ASSETCATALOG_COMPILER_APPICON_NAME = AppIcon;
				ASSETCATALOG_COMPILER_GLOBAL_ACCENT_COLOR_NAME = AccentColor;
				CODE_SIGN_STYLE = Automatic;
				CURRENT_PROJECT_VERSION = 1;
				DEVELOPMENT_ASSET_PATHS = "\"TestTinderLikeView/Preview Content\"";
				ENABLE_PREVIEWS = YES;
				GENERATE_INFOPLIST_FILE = YES;
				INFOPLIST_KEY_UIApplicationSceneManifest_Generation = YES;
				INFOPLIST_KEY_UIApplicationSupportsIndirectInputEvents = YES;
				INFOPLIST_KEY_UILaunchScreen_Generation = YES;
				INFOPLIST_KEY_UISupportedInterfaceOrientations_iPad = "UIInterfaceOrientationPortrait UIInterfaceOrientationPortraitUpsideDown UIInterfaceOrientationLandscapeLeft UIInterfaceOrientationLandscapeRight";
				INFOPLIST_KEY_UISupportedInterfaceOrientations_iPhone = "UIInterfaceOrientationPortrait UIInterfaceOrientationLandscapeLeft UIInterfaceOrientationLandscapeRight";
				LD_RUNPATH_SEARCH_PATHS = (
					"$(inherited)",
					"@executable_path/Frameworks",
				);
				MARKETING_VERSION = 1.0;
				PRODUCT_BUNDLE_IDENTIFIER = com.mi.all.TestTinderLikeView;
				PRODUCT_NAME = "$(TARGET_NAME)";
				SWIFT_EMIT_LOC_STRINGS = YES;
				SWIFT_VERSION = 5.0;
				TARGETED_DEVICE_FAMILY = "1,2";
			};
			name = Debug;
		};
		B89A8AE52C0D8BAF00ED9BAE /* Release */ = {
			isa = XCBuildConfiguration;
			buildSettings = {
				ASSETCATALOG_COMPILER_APPICON_NAME = AppIcon;
				ASSETCATALOG_COMPILER_GLOBAL_ACCENT_COLOR_NAME = AccentColor;
				CODE_SIGN_STYLE = Automatic;
				CURRENT_PROJECT_VERSION = 1;
				DEVELOPMENT_ASSET_PATHS = "\"TestTinderLikeView/Preview Content\"";
				ENABLE_PREVIEWS = YES;
				GENERATE_INFOPLIST_FILE = YES;
				INFOPLIST_KEY_UIApplicationSceneManifest_Generation = YES;
				INFOPLIST_KEY_UIApplicationSupportsIndirectInputEvents = YES;
				INFOPLIST_KEY_UILaunchScreen_Generation = YES;
				INFOPLIST_KEY_UISupportedInterfaceOrientations_iPad = "UIInterfaceOrientationPortrait UIInterfaceOrientationPortraitUpsideDown UIInterfaceOrientationLandscapeLeft UIInterfaceOrientationLandscapeRight";
				INFOPLIST_KEY_UISupportedInterfaceOrientations_iPhone = "UIInterfaceOrientationPortrait UIInterfaceOrientationLandscapeLeft UIInterfaceOrientationLandscapeRight";
				LD_RUNPATH_SEARCH_PATHS = (
					"$(inherited)",
					"@executable_path/Frameworks",
				);
				MARKETING_VERSION = 1.0;
				PRODUCT_BUNDLE_IDENTIFIER = com.mi.all.TestTinderLikeView;
				PRODUCT_NAME = "$(TARGET_NAME)";
				SWIFT_EMIT_LOC_STRINGS = YES;
				SWIFT_VERSION = 5.0;
				TARGETED_DEVICE_FAMILY = "1,2";
			};
			name = Release;
		};
/* End XCBuildConfiguration section */

/* Begin XCConfigurationList section */
		B89A8AD02C0D8BAC00ED9BAE /* Build configuration list for PBXProject "TestTinderLikeView" */ = {
			isa = XCConfigurationList;
			buildConfigurations = (
				B89A8AE12C0D8BAF00ED9BAE /* Debug */,
				B89A8AE22C0D8BAF00ED9BAE /* Release */,
			);
			defaultConfigurationIsVisible = 0;
			defaultConfigurationName = Release;
		};
		B89A8AE32C0D8BAF00ED9BAE /* Build configuration list for PBXNativeTarget "TestTinderLikeView" */ = {
			isa = XCConfigurationList;
			buildConfigurations = (
				B89A8AE42C0D8BAF00ED9BAE /* Debug */,
				B89A8AE52C0D8BAF00ED9BAE /* Release */,
			);
			defaultConfigurationIsVisible = 0;
			defaultConfigurationName = Release;
		};
/* End XCConfigurationList section */
	};
	rootObject = B89A8ACD2C0D8BAC00ED9BAE /* Project object */;
}
